
Microsoft Visual Studio Solution File, Format Version 12.00
# Visual Studio Version 17
VisualStudioVersion = 17.14.36414.22 d17.14
MinimumVisualStudioVersion = 10.0.40219.1
Project("{FAE04EC0-301F-11D3-BF4B-00C04F79EFBC}") = "APLIKASI PEMESANAN DONAT_DWI ANGGRAENI_XPPLG1", "APLIKASI PEMESANAN DONAT_DWI ANGGRAENI_XPPLG1\APLIKASI PEMESANAN DONAT_DWI ANGGRAENI_XPPLG1.csproj", "{F924A573-8412-4312-B91D-B889D779D49B}"
EndProject
Global
	GlobalSection(SolutionConfigurationPlatforms) = preSolution
		Debug|Any CPU = Debug|Any CPU
		Release|Any CPU = Release|Any CPU
	EndGlobalSection
	GlobalSection(ProjectConfigurationPlatforms) = postSolution
		{F924A573-8412-4312-B91D-B889D779D49B}.Debug|Any CPU.ActiveCfg = Debug|Any CPU
		{F924A573-8412-4312-B91D-B889D779D49B}.Debug|Any CPU.Build.0 = Debug|Any CPU
		{F924A573-8412-4312-B91D-B889D779D49B}.Release|Any CPU.ActiveCfg = Release|Any CPU
		{F924A573-8412-4312-B91D-B889D779D49B}.Release|Any CPU.Build.0 = Release|Any CPU
	EndGlobalSection
	GlobalSection(SolutionProperties) = preSolution
		HideSolutionNode = FALSE
	EndGlobalSection
	GlobalSection(ExtensibilityGlobals) = postSolution
		SolutionGuid = {1797031A-3380-4D16-B832-D0AC52C4882D}
	EndGlobalSection
EndGlobal
