
Microsoft Visual Studio Solution File, Format Version 12.00
# Visual Studio Version 17
VisualStudioVersion = 17.14.36414.22 d17.14
MinimumVisualStudioVersion = 10.0.40219.1
Project("{FAE04EC0-301F-11D3-BF4B-00C04F79EFBC}") = "Fungsi_hitung_luas_dwianggraeni_xpplg1", "Fungsi_hitung_luas_dwianggraeni_xpplg1\Fungsi_hitung_luas_dwianggraeni_xpplg1.csproj", "{88EA04C4-5696-45A3-BD8D-2EEC6FE593BE}"
EndProject
Global
	GlobalSection(SolutionConfigurationPlatforms) = preSolution
		Debug|Any CPU = Debug|Any CPU
		Release|Any CPU = Release|Any CPU
	EndGlobalSection
	GlobalSection(ProjectConfigurationPlatforms) = postSolution
		{88EA04C4-5696-45A3-BD8D-2EEC6FE593BE}.Debug|Any CPU.ActiveCfg = Debug|Any CPU
		{88EA04C4-5696-45A3-BD8D-2EEC6FE593BE}.Debug|Any CPU.Build.0 = Debug|Any CPU
		{88EA04C4-5696-45A3-BD8D-2EEC6FE593BE}.Release|Any CPU.ActiveCfg = Release|Any CPU
		{88EA04C4-5696-45A3-BD8D-2EEC6FE593BE}.Release|Any CPU.Build.0 = Release|Any CPU
	EndGlobalSection
	GlobalSection(SolutionProperties) = preSolution
		HideSolutionNode = FALSE
	EndGlobalSection
	GlobalSection(ExtensibilityGlobals) = postSolution
		SolutionGuid = {2782FB55-38A9-4FDE-A9D2-CF1E7D70C4A6}
	EndGlobalSection
EndGlobal
