
Microsoft Visual Studio Solution File, Format Version 12.00
# Visual Studio Version 17
VisualStudioVersion = 17.14.36414.22 d17.14
MinimumVisualStudioVersion = 10.0.40219.1
Project("{FAE04EC0-301F-11D3-BF4B-00C04F79EFBC}") = "tugas7.3_dwianggraeni", "tugas7.3_dwianggraeni\tugas7.3_dwianggraeni.csproj", "{6DA5936C-EE6D-4066-A28B-24258687820D}"
EndProject
Global
	GlobalSection(SolutionConfigurationPlatforms) = preSolution
		Debug|Any CPU = Debug|Any CPU
		Release|Any CPU = Release|Any CPU
	EndGlobalSection
	GlobalSection(ProjectConfigurationPlatforms) = postSolution
		{6DA5936C-EE6D-4066-A28B-24258687820D}.Debug|Any CPU.ActiveCfg = Debug|Any CPU
		{6DA5936C-EE6D-4066-A28B-24258687820D}.Debug|Any CPU.Build.0 = Debug|Any CPU
		{6DA5936C-EE6D-4066-A28B-24258687820D}.Release|Any CPU.ActiveCfg = Release|Any CPU
		{6DA5936C-EE6D-4066-A28B-24258687820D}.Release|Any CPU.Build.0 = Release|Any CPU
	EndGlobalSection
	GlobalSection(SolutionProperties) = preSolution
		HideSolutionNode = FALSE
	EndGlobalSection
	GlobalSection(ExtensibilityGlobals) = postSolution
		SolutionGuid = {C6ECE9B9-D5CE-496D-8A1C-61D5F3E488B0}
	EndGlobalSection
EndGlobal
