
Microsoft Visual Studio Solution File, Format Version 12.00
# Visual Studio Version 17
VisualStudioVersion = 17.14.36414.22 d17.14
MinimumVisualStudioVersion = 10.0.40219.1
Project("{FAE04EC0-301F-11D3-BF4B-00C04F79EFBC}") = "praktik61_dwianggraeni_xpplg1", "praktik61_dwianggraeni_xpplg1\praktik61_dwianggraeni_xpplg1.csproj", "{0AA967AE-509D-40F9-B4F9-072E3416AAAE}"
EndProject
Global
	GlobalSection(SolutionConfigurationPlatforms) = preSolution
		Debug|Any CPU = Debug|Any CPU
		Release|Any CPU = Release|Any CPU
	EndGlobalSection
	GlobalSection(ProjectConfigurationPlatforms) = postSolution
		{0AA967AE-509D-40F9-B4F9-072E3416AAAE}.Debug|Any CPU.ActiveCfg = Debug|Any CPU
		{0AA967AE-509D-40F9-B4F9-072E3416AAAE}.Debug|Any CPU.Build.0 = Debug|Any CPU
		{0AA967AE-509D-40F9-B4F9-072E3416AAAE}.Release|Any CPU.ActiveCfg = Release|Any CPU
		{0AA967AE-509D-40F9-B4F9-072E3416AAAE}.Release|Any CPU.Build.0 = Release|Any CPU
	EndGlobalSection
	GlobalSection(SolutionProperties) = preSolution
		HideSolutionNode = FALSE
	EndGlobalSection
	GlobalSection(ExtensibilityGlobals) = postSolution
		SolutionGuid = {9C512F88-1151-498B-B6C7-EC1D27ABD023}
	EndGlobalSection
EndGlobal
