
Microsoft Visual Studio Solution File, Format Version 12.00
# Visual Studio Version 17
VisualStudioVersion = 17.14.36414.22 d17.14
MinimumVisualStudioVersion = 10.0.40219.1
Project("{FAE04EC0-301F-11D3-BF4B-00C04F79EFBC}") = "tugas1-5_for_dwianggraeni_xpplg1", "tugas1-5_for_dwianggraeni_xpplg1\tugas1-5_for_dwianggraeni_xpplg1.csproj", "{EE6512CF-2E14-46C5-A536-CCEC4FBC36C3}"
EndProject
Global
	GlobalSection(SolutionConfigurationPlatforms) = preSolution
		Debug|Any CPU = Debug|Any CPU
		Release|Any CPU = Release|Any CPU
	EndGlobalSection
	GlobalSection(ProjectConfigurationPlatforms) = postSolution
		{EE6512CF-2E14-46C5-A536-CCEC4FBC36C3}.Debug|Any CPU.ActiveCfg = Debug|Any CPU
		{EE6512CF-2E14-46C5-A536-CCEC4FBC36C3}.Debug|Any CPU.Build.0 = Debug|Any CPU
		{EE6512CF-2E14-46C5-A536-CCEC4FBC36C3}.Release|Any CPU.ActiveCfg = Release|Any CPU
		{EE6512CF-2E14-46C5-A536-CCEC4FBC36C3}.Release|Any CPU.Build.0 = Release|Any CPU
	EndGlobalSection
	GlobalSection(SolutionProperties) = preSolution
		HideSolutionNode = FALSE
	EndGlobalSection
	GlobalSection(ExtensibilityGlobals) = postSolution
		SolutionGuid = {CF4A30B2-4481-4F7C-BB76-853077CBAA5F}
	EndGlobalSection
EndGlobal
