
Microsoft Visual Studio Solution File, Format Version 12.00
# Visual Studio Version 17
VisualStudioVersion = 17.14.36414.22 d17.14
MinimumVisualStudioVersion = 10.0.40219.1
Project("{FAE04EC0-301F-11D3-BF4B-00C04F79EFBC}") = "praktik_7.2_dwianggraeni_xpplg1", "praktik_7.2_dwianggraeni_xpplg1\praktik_7.2_dwianggraeni_xpplg1.csproj", "{BA75FBE8-328B-4016-8C0B-CF97A8F70B97}"
EndProject
Global
	GlobalSection(SolutionConfigurationPlatforms) = preSolution
		Debug|Any CPU = Debug|Any CPU
		Release|Any CPU = Release|Any CPU
	EndGlobalSection
	GlobalSection(ProjectConfigurationPlatforms) = postSolution
		{BA75FBE8-328B-4016-8C0B-CF97A8F70B97}.Debug|Any CPU.ActiveCfg = Debug|Any CPU
		{BA75FBE8-328B-4016-8C0B-CF97A8F70B97}.Debug|Any CPU.Build.0 = Debug|Any CPU
		{BA75FBE8-328B-4016-8C0B-CF97A8F70B97}.Release|Any CPU.ActiveCfg = Release|Any CPU
		{BA75FBE8-328B-4016-8C0B-CF97A8F70B97}.Release|Any CPU.Build.0 = Release|Any CPU
	EndGlobalSection
	GlobalSection(SolutionProperties) = preSolution
		HideSolutionNode = FALSE
	EndGlobalSection
	GlobalSection(ExtensibilityGlobals) = postSolution
		SolutionGuid = {BE09346F-EF03-40A9-871A-302F6A9D6451}
	EndGlobalSection
EndGlobal
