
Microsoft Visual Studio Solution File, Format Version 12.00
# Visual Studio Version 17
VisualStudioVersion = 17.14.36414.22 d17.14
MinimumVisualStudioVersion = 10.0.40219.1
Project("{FAE04EC0-301F-11D3-BF4B-00C04F79EFBC}") = "praktik_5.5_dwianggraeni_xpplg1", "praktik_5.5_dwianggraeni_xpplg1\praktik_5.5_dwianggraeni_xpplg1.csproj", "{795439C2-C3CD-4DBA-BE95-12E2A1BE32AB}"
EndProject
Global
	GlobalSection(SolutionConfigurationPlatforms) = preSolution
		Debug|Any CPU = Debug|Any CPU
		Release|Any CPU = Release|Any CPU
	EndGlobalSection
	GlobalSection(ProjectConfigurationPlatforms) = postSolution
		{795439C2-C3CD-4DBA-BE95-12E2A1BE32AB}.Debug|Any CPU.ActiveCfg = Debug|Any CPU
		{795439C2-C3CD-4DBA-BE95-12E2A1BE32AB}.Debug|Any CPU.Build.0 = Debug|Any CPU
		{795439C2-C3CD-4DBA-BE95-12E2A1BE32AB}.Release|Any CPU.ActiveCfg = Release|Any CPU
		{795439C2-C3CD-4DBA-BE95-12E2A1BE32AB}.Release|Any CPU.Build.0 = Release|Any CPU
	EndGlobalSection
	GlobalSection(SolutionProperties) = preSolution
		HideSolutionNode = FALSE
	EndGlobalSection
	GlobalSection(ExtensibilityGlobals) = postSolution
		SolutionGuid = {BC887E47-3A11-454D-BA00-D63FB3D2AAC5}
	EndGlobalSection
EndGlobal
